github.com/davecgh/go-spew v1.1.1 h1:vj9j/u1bqnvCEfJOwUhtlOARqs3+rkHYY13jYWTU97c=
github.com/davecgh/go-spew v1.1.1/go.mod h1:J7Y8YcW2NihsgmVo/mv3lAwl/skON4iLHjSsI+c5H38=
github.com/pmezard/go-difflib v1.0.0 h1:4DBwDE0NGyQoBHbLQYPwSUPoCMWR5BEzIk/f1lZbAQM=
github.com/pmezard/go-difflib v1.0.0/go.mod h1:iKH77koFhYxTK1pcRnkKkqfTogsbg7gZNVY4sRDYZ/4=
github.com/stretchr/testify v1.8.4 h1:CcVxjf3Q8PM0mHUKJCdn+eZZtm5yQwehR5yeSVQQcUk=
github.com/stretchr/testify v1.8.4/go.mod h1:sz/lmYIOXD/1dqDmKjjqLyZ2RngseejIcXlSw2iwfAo=
github.com/sttk/cliargs v0.6.0 h1:pr9Qiv+s7sYlM/Bi+pWtQOQUt9zCAk89ykJhLDWzBAg=
github.com/sttk/cliargs v0.6.0/go.mod h1:0rU4J5Za0zn5haFOYONE/dahC9PCE6M6F2QovUnhaFc=
github.com/sttk/linebreak v0.3.0 h1:JrymoRg/oyOF2+zegT6cjbSQJleMLtfyeroWZ63DRz4=
github.com/sttk/linebreak v0.3.0/go.mod h1:+lTR3A9FoGj0r/q9k2sDNTqotHyQ6mNMa6T3zyqw7Ro=
github.com/sttk/orderedmap v1.0.0 h1:AiCoq2yLwRRGvjOWpjqVW1KUQqY9xg0rIRXvvhElkqY=
github.com/sttk/orderedmap v1.0.0/go.mod h1:EThpedtCCo30avJK4uZ6YBolOuT11DE+OJoHr8Vi0yU=
github.com/sttk/sabi v0.6.0 h1:qriR6anzPaLhuWfBH6GwUce1nEyYWcyNAY4m7Iw5uiw=
github.com/sttk/sabi v0.6.0/go.mod h1:1em2vY0LyCN+WsdIeMyMPBv0QcKiTVTfxZF4FzKXyYQ=
golang.org/x/sys v0.13.0 h1:Af8nKPmuFypiUBjVoU9V20FiaFXOcuZI21p0ycVYYGE=
golang.org/x/sys v0.13.0/go.mod h1:oPkhp1MJrh7nUepCBck5+mAzfO9JrbApNNgaTdGDITg=
golang.org/x/term v0.13.0 h1:bb+I9cTfFazGW51MZqBVmZy7+JEJMouUHTUSKVQLBek=
golang.org/x/term v0.13.0/go.mod h1:LTmsnFJwVN6bCy1rVCoS+qHT1HhALEFxKncY3WNNh4U=
golang.org/x/text v0.13.0 h1:ablQoSUd0tRdKxZewP80B+BaqeKJuVhuRxj/dkrun3k=
golang.org/x/text v0.13.0/go.mod h1:TvPlkZtksWOMsz7fbANvkp4WM8x/WCo/om8BMLbz+aE=
gopkg.in/check.v1 v0.0.0-20161208181325-20d25e280405 h1:yhCVgyC4o1eVCa2tZl7eS0r+SDo693bJlVdllGtEeKM=
gopkg.in/check.v1 v0.0.0-20161208181325-20d25e280405/go.mod h1:Co6ibVJAznAaIkqp8huTwlJQCZ016jof/cbN4VW5Yz0=
gopkg.in/yaml.v3 v3.0.1 h1:fxVm/GzAzEWqLHuvctI91KS9hhNmmWOoWu0XTYJS7CA=
gopkg.in/yaml.v3 v3.0.1/go.mod h1:K4uyk7z7BCEPqu6E+C64Yfv1cQ7kz7rIZviUmN+EgEM=
